// !$*UTF8*$!
{
	archiveVersion = 1;
	classes = {
	};
	objectVersion = 46;
	objects = {

/* Begin PBXBuildFile section */
		99403A541C13C734001546A2 /* AppDelegate.swift in Sources */ = {isa = PBXBuildFile; fileRef = 99403A531C13C734001546A2 /* AppDelegate.swift */; };
		99403A561C13C734001546A2 /* ViewController.swift in Sources */ = {isa = PBXBuildFile; fileRef = 99403A551C13C734001546A2 /* ViewController.swift */; };
		99403A591C13C734001546A2 /* Main.storyboard in Resources */ = {isa = PBXBuildFile; fileRef = 99403A571C13C734001546A2 /* Main.storyboard */; };
		99403A5B1C13C734001546A2 /* Images.xcassets in Resources */ = {isa = PBXBuildFile; fileRef = 99403A5A1C13C734001546A2 /* Images.xcassets */; };
		99403A5E1C13C734001546A2 /* LaunchScreen.xib in Resources */ = {isa = PBXBuildFile; fileRef = 99403A5C1C13C734001546A2 /* LaunchScreen.xib */; };
		99403A6A1C13C734001546A2 /* TipCalculatorTests.swift in Sources */ = {isa = PBXBuildFile; fileRef = 99403A691C13C734001546A2 /* TipCalculatorTests.swift */; };
		9993E3171C209C10009FDEEF /* SettingsViewController.swift in Sources */ = {isa = PBXBuildFile; fileRef = 9993E3161C209C10009FDEEF /* SettingsViewController.swift */; };
/* End PBXBuildFile section */

/* Begin PBXContainerItemProxy section */
		99403A641C13C734001546A2 /* PBXContainerItemProxy */ = {
			isa = PBXContainerItemProxy;
			containerPortal = 99403A461C13C734001546A2 /* Project object */;
			proxyType = 1;
			remoteGlobalIDString = 99403A4D1C13C734001546A2;
			remoteInfo = TipCalculator;
		};
/* End PBXContainerItemProxy section */

/* Begin PBXFileReference section */
		99403A4E1C13C734001546A2 /* Tip Calculator.app */ = {isa = PBXFileReference; explicitFileType = wrapper.application; includeInIndex = 0; path = "Tip Calculator.app"; sourceTree = BUILT_PRODUCTS_DIR; };
		99403A521C13C734001546A2 /* Info.plist */ = {isa = PBXFileReference; lastKnownFileType = text.plist.xml; path = Info.plist; sourceTree = "<group>"; };
		99403A531C13C734001546A2 /* AppDelegate.swift */ = {isa = PBXFileReference; lastKnownFileType = sourcecode.swift; path = AppDelegate.swift; sourceTree = "<group>"; };
		99403A551C13C734001546A2 /* ViewController.swift */ = {isa = PBXFileReference; lastKnownFileType = sourcecode.swift; path = ViewController.swift; sourceTree = "<group>"; };
		99403A581C13C734001546A2 /* Base */ = {isa = PBXFileReference; lastKnownFileType = file.storyboard; name = Base; path = Base.lproj/Main.storyboard; sourceTree = "<group>"; };
		99403A5A1C13C734001546A2 /* Images.xcassets */ = {isa = PBXFileReference; lastKnownFileType = folder.assetcatalog; path = Images.xcassets; sourceTree = "<group>"; };
		99403A5D1C13C734001546A2 /* Base */ = {isa = PBXFileReference; lastKnownFileType = file.xib; name = Base; path = Base.lproj/LaunchScreen.xib; sourceTree = "<group>"; };
		99403A631C13C734001546A2 /* TipCalculatorTests.xctest */ = {isa = PBXFileReference; explicitFileType = wrapper.cfbundle; includeInIndex = 0; path = TipCalculatorTests.xctest; sourceTree = BUILT_PRODUCTS_DIR; };
		99403A681C13C734001546A2 /* Info.plist */ = {isa = PBXFileReference; lastKnownFileType = text.plist.xml; path = Info.plist; sourceTree = "<group>"; };
		99403A691C13C734001546A2 /* TipCalculatorTests.swift */ = {isa = PBXFileReference; lastKnownFileType = sourcecode.swift; path = TipCalculatorTests.swift; sourceTree = "<group>"; };
		9993E3161C209C10009FDEEF /* SettingsViewController.swift */ = {isa = PBXFileReference; fileEncoding = 4; lastKnownFileType = sourcecode.swift; path = SettingsViewController.swift; sourceTree = "<group>"; };
/* End PBXFileReference section */

/* Begin PBXFrameworksBuildPhase section */
		99403A4B1C13C734001546A2 /* Frameworks */ = {
			isa = PBXFrameworksBuildPhase;
			buildActionMask = 2147483647;
			files = (
			);
			runOnlyForDeploymentPostprocessing = 0;
		};
		99403A601C13C734001546A2 /* Frameworks */ = {
			isa = PBXFrameworksBuildPhase;
			buildActionMask = 2147483647;
			files = (
			);
			runOnlyForDeploymentPostprocessing = 0;
		};
/* End PBXFrameworksBuildPhase section */

/* Begin PBXGroup section */
		99403A451C13C734001546A2 = {
			isa = PBXGroup;
			children = (
				99403A501C13C734001546A2 /* TipCalculator */,
				99403A661C13C734001546A2 /* TipCalculatorTests */,
				99403A4F1C13C734001546A2 /* Products */,
			);
			sourceTree = "<group>";
		};
		99403A4F1C13C734001546A2 /* Products */ = {
			isa = PBXGroup;
			children = (
				99403A4E1C13C734001546A2 /* Tip Calculator.app */,
				99403A631C13C734001546A2 /* TipCalculatorTests.xctest */,
			);
			name = Products;
			sourceTree = "<group>";
		};
		99403A501C13C734001546A2 /* TipCalculator */ = {
			isa = PBXGroup;
			children = (
				99403A531C13C734001546A2 /* AppDelegate.swift */,
				99403A551C13C734001546A2 /* ViewController.swift */,
				99403A571C13C734001546A2 /* Main.storyboard */,
				99403A5A1C13C734001546A2 /* Images.xcassets */,
				9993E3161C209C10009FDEEF /* SettingsViewController.swift */,
				99403A5C1C13C734001546A2 /* LaunchScreen.xib */,
				99403A511C13C734001546A2 /* Supporting Files */,
			);
			path = TipCalculator;
			sourceTree = "<group>";
		};
		99403A511C13C734001546A2 /* Supporting Files */ = {
			isa = PBXGroup;
			children = (
				99403A521C13C734001546A2 /* Info.plist */,
			);
			name = "Supporting Files";
			sourceTree = "<group>";
		};
		99403A661C13C734001546A2 /* TipCalculatorTests */ = {
			isa = PBXGroup;
			children = (
				99403A691C13C734001546A2 /* TipCalculatorTests.swift */,
				99403A671C13C734001546A2 /* Supporting Files */,
			);
			path = TipCalculatorTests;
			sourceTree = "<group>";
		};
		99403A671C13C734001546A2 /* Supporting Files */ = {
			isa = PBXGroup;
			children = (
				99403A681C13C734001546A2 /* Info.plist */,
			);
			name = "Supporting Files";
			sourceTree = "<group>";
		};
/* End PBXGroup section */

/* Begin PBXNativeTarget section */
		99403A4D1C13C734001546A2 /* TipCalculator */ = {
			isa = PBXNativeTarget;
			buildConfigurationList = 99403A6D1C13C734001546A2 /* Build configuration list for PBXNativeTarget "TipCalculator" */;
			buildPhases = (
				99403A4A1C13C734001546A2 /* Sources */,
				99403A4B1C13C734001546A2 /* Frameworks */,
				99403A4C1C13C734001546A2 /* Resources */,
			);
			buildRules = (
			);
			dependencies = (
			);
			name = TipCalculator;
			productName = TipCalculator;
			productReference = 99403A4E1C13C734001546A2 /* Tip Calculator.app */;
			productType = "com.apple.product-type.application";
		};
		99403A621C13C734001546A2 /* TipCalculatorTests */ = {
			isa = PBXNativeTarget;
			buildConfigurationList = 99403A701C13C734001546A2 /* Build configuration list for PBXNativeTarget "TipCalculatorTests" */;
			buildPhases = (
				99403A5F1C13C734001546A2 /* Sources */,
				99403A601C13C734001546A2 /* Frameworks */,
				99403A611C13C734001546A2 /* Resources */,
			);
			buildRules = (
			);
			dependencies = (
				99403A651C13C734001546A2 /* PBXTargetDependency */,
			);
			name = TipCalculatorTests;
			productName = TipCalculatorTests;
			productReference = 99403A631C13C734001546A2 /* TipCalculatorTests.xctest */;
			productType = "com.apple.product-type.bundle.unit-test";
		};
/* End PBXNativeTarget section */

/* Begin PBXProject section */
		99403A461C13C734001546A2 /* Project object */ = {
			isa = PBXProject;
			attributes = {
				LastSwiftUpdateCheck = 0710;
				LastUpgradeCheck = 0710;
				ORGANIZATIONNAME = "Corey Salzer";
				TargetAttributes = {
					99403A4D1C13C734001546A2 = {
						CreatedOnToolsVersion = 6.1.1;
						DevelopmentTeam = Q5VP8Y6G4R;
					};
					99403A621C13C734001546A2 = {
						CreatedOnToolsVersion = 6.1.1;
						TestTargetID = 99403A4D1C13C734001546A2;
					};
				};
			};
			buildConfigurationList = 99403A491C13C734001546A2 /* Build configuration list for PBXProject "TipCalculator" */;
			compatibilityVersion = "Xcode 3.2";
			developmentRegion = English;
			hasScannedForEncodings = 0;
			knownRegions = (
				en,
				Base,
			);
			mainGroup = 99403A451C13C734001546A2;
			productRefGroup = 99403A4F1C13C734001546A2 /* Products */;
			projectDirPath = "";
			projectRoot = "";
			targets = (
				99403A4D1C13C734001546A2 /* TipCalculator */,
				99403A621C13C734001546A2 /* TipCalculatorTests */,
			);
		};
/* End PBXProject section */

/* Begin PBXResourcesBuildPhase section */
		99403A4C1C13C734001546A2 /* Resources */ = {
			isa = PBXResourcesBuildPhase;
			buildActionMask = 2147483647;
			files = (
				99403A591C13C734001546A2 /* Main.storyboard in Resources */,
				99403A5E1C13C734001546A2 /* LaunchScreen.xib in Resources */,
				99403A5B1C13C734001546A2 /* Images.xcassets in Resources */,
			);
			runOnlyForDeploymentPostprocessing = 0;
		};
		99403A611C13C734001546A2 /* Resources */ = {
			isa = PBXResourcesBuildPhase;
			buildActionMask = 2147483647;
			files = (
			);
			runOnlyForDeploymentPostprocessing = 0;
		};
/* End PBXResourcesBuildPhase section */

/* Begin PBXSourcesBuildPhase section */
		99403A4A1C13C734001546A2 /* Sources */ = {
			isa = PBXSourcesBuildPhase;
			buildActionMask = 2147483647;
			files = (
				99403A561C13C734001546A2 /* ViewController.swift in Sources */,
				99403A541C13C734001546A2 /* AppDelegate.swift in Sources */,
				9993E3171C209C10009FDEEF /* SettingsViewController.swift in Sources */,
			);
			runOnlyForDeploymentPostprocessing = 0;
		};
		99403A5F1C13C734001546A2 /* Sources */ = {
			isa = PBXSourcesBuildPhase;
			buildActionMask = 2147483647;
			files = (
				99403A6A1C13C734001546A2 /* TipCalculatorTests.swift in Sources */,
			);
			runOnlyForDeploymentPostprocessing = 0;
		};
/* End PBXSourcesBuildPhase section */

/* Begin PBXTargetDependency section */
		99403A651C13C734001546A2 /* PBXTargetDependency */ = {
			isa = PBXTargetDependency;
			target = 99403A4D1C13C734001546A2 /* TipCalculator */;
			targetProxy = 99403A641C13C734001546A2 /* PBXContainerItemProxy */;
		};
/* End PBXTargetDependency section */

/* Begin PBXVariantGroup section */
		99403A571C13C734001546A2 /* Main.storyboard */ = {
			isa = PBXVariantGroup;
			children = (
				99403A581C13C734001546A2 /* Base */,
			);
			name = Main.storyboard;
			sourceTree = "<group>";
		};
		99403A5C1C13C734001546A2 /* LaunchScreen.xib */ = {
			isa = PBXVariantGroup;
			children = (
				99403A5D1C13C734001546A2 /* Base */,
			);
			name = LaunchScreen.xib;
			sourceTree = "<group>";
		};
/* End PBXVariantGroup section */

/* Begin XCBuildConfiguration section */
		99403A6B1C13C734001546A2 /* Debug */ = {
			isa = XCBuildConfiguration;
			buildSettings = {
				ALWAYS_SEARCH_USER_PATHS = NO;
				CLANG_CXX_LANGUAGE_STANDARD = "gnu++0x";
				CLANG_CXX_LIBRARY = "libc++";
				CLANG_ENABLE_MODULES = YES;
				CLANG_ENABLE_OBJC_ARC = YES;
				CLANG_WARN_BOOL_CONVERSION = YES;
				CLANG_WARN_CONSTANT_CONVERSION = YES;
				CLANG_WARN_DIRECT_OBJC_ISA_USAGE = YES_ERROR;
				CLANG_WARN_EMPTY_BODY = YES;
				CLANG_WARN_ENUM_CONVERSION = YES;
				CLANG_WARN_INT_CONVERSION = YES;
				CLANG_WARN_OBJC_ROOT_CLASS = YES_ERROR;
				CLANG_WARN_UNREACHABLE_CODE = YES;
				CLANG_WARN__DUPLICATE_METHOD_MATCH = YES;
				CODE_SIGN_IDENTITY = "";
				"CODE_SIGN_IDENTITY[sdk=iphoneos*]" = "";
				COPY_PHASE_STRIP = NO;
				ENABLE_STRICT_OBJC_MSGSEND = YES;
				ENABLE_TESTABILITY = YES;
				GCC_C_LANGUAGE_STANDARD = gnu99;
				GCC_DYNAMIC_NO_PIC = NO;
				GCC_OPTIMIZATION_LEVEL = 0;
				GCC_PREPROCESSOR_DEFINITIONS = (
					"DEBUG=1",
					"$(inherited)",
				);
				GCC_SYMBOLS_PRIVATE_EXTERN = NO;
				GCC_WARN_64_TO_32_BIT_CONVERSION = YES;
				GCC_WARN_ABOUT_RETURN_TYPE = YES_ERROR;
				GCC_WARN_UNDECLARED_SELECTOR = YES;
				GCC_WARN_UNINITIALIZED_AUTOS = YES_AGGRESSIVE;
				GCC_WARN_UNUSED_FUNCTION = YES;
				GCC_WARN_UNUSED_VARIABLE = YES;
				IPHONEOS_DEPLOYMENT_TARGET = 8.1;
				MTL_ENABLE_DEBUG_INFO = YES;
				ONLY_ACTIVE_ARCH = YES;
				PROVISIONING_PROFILE = "";
				SDKROOT = iphoneos;
				SWIFT_OPTIMIZATION_LEVEL = "-Onone";
			};
			name = Debug;
		};
		99403A6C1C13C734001546A2 /* Release */ = {
			isa = XCBuildConfiguration;
			buildSettings = {
				ALWAYS_SEARCH_USER_PATHS = NO;
				CLANG_CXX_LANGUAGE_STANDARD = "gnu++0x";
				CLANG_CXX_LIBRARY = "libc++";
				CLANG_ENABLE_MODULES = YES;
				CLANG_ENABLE_OBJC_ARC = YES;
				CLANG_WARN_BOOL_CONVERSION = YES;
				CLANG_WARN_CONSTANT_CONVERSION = YES;
				CLANG_WARN_DIRECT_OBJC_ISA_USAGE = YES_ERROR;
				CLANG_WARN_EMPTY_BODY = YES;
				CLANG_WARN_ENUM_CONVERSION = YES;
				CLANG_WARN_INT_CONVERSION = YES;
				CLANG_WARN_OBJC_ROOT_CLASS = YES_ERROR;
				CLANG_WARN_UNREACHABLE_CODE = YES;
				CLANG_WARN__DUPLICATE_METHOD_MATCH = YES;
				CODE_SIGN_IDENTITY = "";
				"CODE_SIGN_IDENTITY[sdk=iphoneos*]" = "iPhone Developer";
				COPY_PHASE_STRIP = YES;
				ENABLE_NS_ASSERTIONS = NO;
				ENABLE_STRICT_OBJC_MSGSEND = YES;
				GCC_C_LANGUAGE_STANDARD = gnu99;
				GCC_WARN_64_TO_32_BIT_CONVERSION = YES;
				GCC_WARN_ABOUT_RETURN_TYPE = YES_ERROR;
				GCC_WARN_UNDECLARED_SELECTOR = YES;
				GCC_WARN_UNINITIALIZED_AUTOS = YES_AGGRESSIVE;
				GCC_WARN_UNUSED_FUNCTION = YES;
				GCC_WARN_UNUSED_VARIABLE = YES;
				IPHONEOS_DEPLOYMENT_TARGET = 8.1;
				MTL_ENABLE_DEBUG_INFO = NO;
				PROVISIONING_PROFILE = "";
				SDKROOT = iphoneos;
				VALIDATE_PRODUCT = YES;
			};
			name = Release;
		};
		99403A6E1C13C734001546A2 /* Debug */ = {
			isa = XCBuildConfiguration;
			buildSettings = {
				ASSETCATALOG_COMPILER_APPICON_NAME = AppIcon;
				CODE_SIGN_IDENTITY = "iPhone Developer";
				"CODE_SIGN_IDENTITY[sdk=iphoneos*]" = "iPhone Developer";
				INFOPLIST_FILE = TipCalculator/Info.plist;
				IPHONEOS_DEPLOYMENT_TARGET = 9.1;
				LD_RUNPATH_SEARCH_PATHS = "$(inherited) @executable_path/Frameworks";
				PRODUCT_BUNDLE_IDENTIFIER = TipCalculator;
				PRODUCT_NAME = "Tip Calculator";
				PROVISIONING_PROFILE = "";
				TARGETED_DEVICE_FAMILY = 1;
			};
			name = Debug;
		};
		99403A6F1C13C734001546A2 /* Release */ = {
			isa = XCBuildConfiguration;
			buildSettings = {
				ASSETCATALOG_COMPILER_APPICON_NAME = AppIcon;
				CODE_SIGN_IDENTITY = "iPhone Developer";
				"CODE_SIGN_IDENTITY[sdk=iphoneos*]" = "iPhone Developer";
				INFOPLIST_FILE = TipCalculator/Info.plist;
				IPHONEOS_DEPLOYMENT_TARGET = 9.1;
				LD_RUNPATH_SEARCH_PATHS = "$(inherited) @executable_path/Frameworks";
				PRODUCT_BUNDLE_IDENTIFIER = TipCalculator;
				PRODUCT_NAME = "Tip Calculator";
				PROVISIONING_PROFILE = "";
				TARGETED_DEVICE_FAMILY = 1;
			};
			name = Release;
		};
		99403A711C13C734001546A2 /* Debug */ = {
			isa = XCBuildConfiguration;
			buildSettings = {
				BUNDLE_LOADER = "$(TEST_HOST)";
				FRAMEWORK_SEARCH_PATHS = (
					"$(SDKROOT)/Developer/Library/Frameworks",
					"$(inherited)",
				);
				GCC_PREPROCESSOR_DEFINITIONS = (
					"DEBUG=1",
					"$(inherited)",
				);
				INFOPLIST_FILE = TipCalculatorTests/Info.plist;
				LD_RUNPATH_SEARCH_PATHS = "$(inherited) @executable_path/Frameworks @loader_path/Frameworks";
				PRODUCT_BUNDLE_IDENTIFIER = "Test.$(PRODUCT_NAME:rfc1034identifier)";
				PRODUCT_NAME = "$(TARGET_NAME)";
				TEST_HOST = "$(BUILT_PRODUCTS_DIR)/TipCalculator.app/TipCalculator";
			};
			name = Debug;
		};
		99403A721C13C734001546A2 /* Release */ = {
			isa = XCBuildConfiguration;
			buildSettings = {
				BUNDLE_LOADER = "$(TEST_HOST)";
				FRAMEWORK_SEARCH_PATHS = (
					"$(SDKROOT)/Developer/Library/Frameworks",
					"$(inherited)",
				);
				INFOPLIST_FILE = TipCalculatorTests/Info.plist;
				LD_RUNPATH_SEARCH_PATHS = "$(inherited) @executable_path/Frameworks @loader_path/Frameworks";
				PRODUCT_BUNDLE_IDENTIFIER = "Test.$(PRODUCT_NAME:rfc1034identifier)";
				PRODUCT_NAME = "$(TARGET_NAME)";
				TEST_HOST = "$(BUILT_PRODUCTS_DIR)/TipCalculator.app/TipCalculator";
			};
			name = Release;
		};
/* End XCBuildConfiguration section */

/* Begin XCConfigurationList section */
		99403A491C13C734001546A2 /* Build configuration list for PBXProject "TipCalculator" */ = {
			isa = XCConfigurationList;
			buildConfigurations = (
				99403A6B1C13C734001546A2 /* Debug */,
				99403A6C1C13C734001546A2 /* Release */,
			);
			defaultConfigurationIsVisible = 0;
			defaultConfigurationName = Release;
		};
		99403A6D1C13C734001546A2 /* Build configuration list for PBXNativeTarget "TipCalculator" */ = {
			isa = XCConfigurationList;
			buildConfigurations = (
				99403A6E1C13C734001546A2 /* Debug */,
				99403A6F1C13C734001546A2 /* Release */,
			);
			defaultConfigurationIsVisible = 0;
			defaultConfigurationName = Release;
		};
		99403A701C13C734001546A2 /* Build configuration list for PBXNativeTarget "TipCalculatorTests" */ = {
			isa = XCConfigurationList;
			buildConfigurations = (
				99403A711C13C734001546A2 /* Debug */,
				99403A721C13C734001546A2 /* Release */,
			);
			defaultConfigurationIsVisible = 0;
			defaultConfigurationName = Release;
		};
/* End XCConfigurationList section */
	};
	rootObject = 99403A461C13C734001546A2 /* Project object */;
}
